// !$*UTF8*$!
{
	archiveVersion = 1;
	classes = {
	};
	objectVersion = 51;
	objects = {

/* Begin PBXBuildFile section */
		180BAB2A243F615100AC1A5B /* MusicCollectionViewCell.swift in Sources */ = {isa = PBXBuildFile; fileRef = 180BAB29243F615100AC1A5B /* MusicCollectionViewCell.swift */; };
		180DD97D242E5B2B0096B70D /* AppDelegate.swift in Sources */ = {isa = PBXBuildFile; fileRef = 180DD97C242E5B2B0096B70D /* AppDelegate.swift */; };
		180DD97F242E5B2B0096B70D /* SceneDelegate.swift in Sources */ = {isa = PBXBuildFile; fileRef = 180DD97E242E5B2B0096B70D /* SceneDelegate.swift */; };
		180DD984242E5B2B0096B70D /* Main.storyboard in Resources */ = {isa = PBXBuildFile; fileRef = 180DD982242E5B2B0096B70D /* Main.storyboard */; };
		180DD986242E5B2E0096B70D /* Assets.xcassets in Resources */ = {isa = PBXBuildFile; fileRef = 180DD985242E5B2E0096B70D /* Assets.xcassets */; };
		180DD989242E5B2E0096B70D /* LaunchScreen.storyboard in Resources */ = {isa = PBXBuildFile; fileRef = 180DD987242E5B2E0096B70D /* LaunchScreen.storyboard */; };
		180DD9AD242E5CE10096B70D /* Label.swift in Sources */ = {isa = PBXBuildFile; fileRef = 180DD991242E5CE00096B70D /* Label.swift */; };
		180DD9AE242E5CE10096B70D /* ViewController.swift in Sources */ = {isa = PBXBuildFile; fileRef = 180DD992242E5CE00096B70D /* ViewController.swift */; };
		180DD9AF242E5CE10096B70D /* View.swift in Sources */ = {isa = PBXBuildFile; fileRef = 180DD993242E5CE00096B70D /* View.swift */; };
		180DD9B0242E5CE10096B70D /* AppButton.swift in Sources */ = {isa = PBXBuildFile; fileRef = 180DD994242E5CE00096B70D /* AppButton.swift */; };
		180DD9B1242E5CE10096B70D /* InputTextField.swift in Sources */ = {isa = PBXBuildFile; fileRef = 180DD995242E5CE00096B70D /* InputTextField.swift */; };
		180DD9B2242E5CE10096B70D /* Color.swift in Sources */ = {isa = PBXBuildFile; fileRef = 180DD996242E5CE00096B70D /* Color.swift */; };
		180DD9B3242E5CE10096B70D /* AppFont.swift in Sources */ = {isa = PBXBuildFile; fileRef = 180DD997242E5CE00096B70D /* AppFont.swift */; };
		180DD9B4242E5CE10096B70D /* SettingsView.swift in Sources */ = {isa = PBXBuildFile; fileRef = 180DD998242E5CE00096B70D /* SettingsView.swift */; };
		180DD9B5242E5CE10096B70D /* MainTabBarController.swift in Sources */ = {isa = PBXBuildFile; fileRef = 180DD999242E5CE10096B70D /* MainTabBarController.swift */; };
		180DD9B6242E5CE10096B70D /* LoginView.swift in Sources */ = {isa = PBXBuildFile; fileRef = 180DD99B242E5CE10096B70D /* LoginView.swift */; };
		180DD9B7242E5CE10096B70D /* WelcomeViewController.swift in Sources */ = {isa = PBXBuildFile; fileRef = 180DD99C242E5CE10096B70D /* WelcomeViewController.swift */; };
		180DD9B8242E5CE10096B70D /* ForgotPasswordViewController.swift in Sources */ = {isa = PBXBuildFile; fileRef = 180DD99D242E5CE10096B70D /* ForgotPasswordViewController.swift */; };
		180DD9B9242E5CE10096B70D /* WelcomeView.swift in Sources */ = {isa = PBXBuildFile; fileRef = 180DD99E242E5CE10096B70D /* WelcomeView.swift */; };
		180DD9BA242E5CE10096B70D /* ForgotPasswordView.swift in Sources */ = {isa = PBXBuildFile; fileRef = 180DD99F242E5CE10096B70D /* ForgotPasswordView.swift */; };
		180DD9BB242E5CE10096B70D /* LoginViewController.swift in Sources */ = {isa = PBXBuildFile; fileRef = 180DD9A0242E5CE10096B70D /* LoginViewController.swift */; };
		180DD9BC242E5CE10096B70D /* RegisterView.swift in Sources */ = {isa = PBXBuildFile; fileRef = 180DD9A1242E5CE10096B70D /* RegisterView.swift */; };
		180DD9BD242E5CE10096B70D /* RegisterViewController.swift in Sources */ = {isa = PBXBuildFile; fileRef = 180DD9A2242E5CE10096B70D /* RegisterViewController.swift */; };
		180DD9BE242E5CE10096B70D /* SettingsViewController.swift in Sources */ = {isa = PBXBuildFile; fileRef = 180DD9A3242E5CE10096B70D /* SettingsViewController.swift */; };
		180DD9BF242E5CE10096B70D /* MusicViewController.swift in Sources */ = {isa = PBXBuildFile; fileRef = 180DD9A6242E5CE10096B70D /* MusicViewController.swift */; };
		180DD9C0242E5CE10096B70D /* MusicView.swift in Sources */ = {isa = PBXBuildFile; fileRef = 180DD9A7242E5CE10096B70D /* MusicView.swift */; };
		180DD9C1242E5CE10096B70D /* ProfileView.swift in Sources */ = {isa = PBXBuildFile; fileRef = 180DD9A8242E5CE10096B70D /* ProfileView.swift */; };
		180DD9C2242E5CE10096B70D /* HomeView.swift in Sources */ = {isa = PBXBuildFile; fileRef = 180DD9A9242E5CE10096B70D /* HomeView.swift */; };
		180DD9C3242E5CE10096B70D /* HomeViewController.swift in Sources */ = {isa = PBXBuildFile; fileRef = 180DD9AA242E5CE10096B70D /* HomeViewController.swift */; };
		180DD9C4242E5CE10096B70D /* ProfileViewController.swift in Sources */ = {isa = PBXBuildFile; fileRef = 180DD9AB242E5CE10096B70D /* ProfileViewController.swift */; };
		180DD9C5242E5CE10096B70D /* IrregularityContentView.swift in Sources */ = {isa = PBXBuildFile; fileRef = 180DD9AC242E5CE10096B70D /* IrregularityContentView.swift */; };
		1895F9D02434A32900464848 /* TestFlowCollectionViewController.swift in Sources */ = {isa = PBXBuildFile; fileRef = 1895F9CF2434A32900464848 /* TestFlowCollectionViewController.swift */; };
		1895F9D22434A36900464848 /* FlowCollectionView.swift in Sources */ = {isa = PBXBuildFile; fileRef = 1895F9D12434A36900464848 /* FlowCollectionView.swift */; };
		18CD0F392440B2F90092F48D /* SubscriptionViewController.swift in Sources */ = {isa = PBXBuildFile; fileRef = 18CD0F382440B2F90092F48D /* SubscriptionViewController.swift */; };
		18CD0F3B2440B32D0092F48D /* SubscriptionView.swift in Sources */ = {isa = PBXBuildFile; fileRef = 18CD0F3A2440B32D0092F48D /* SubscriptionView.swift */; };
		A553210E2467946A000D7452 /* PopularVideos.swift in Sources */ = {isa = PBXBuildFile; fileRef = A553210D2467946A000D7452 /* PopularVideos.swift */; };
		A5532110246795BF000D7452 /* BaseModel.swift in Sources */ = {isa = PBXBuildFile; fileRef = A553210F246795BF000D7452 /* BaseModel.swift */; };
		A574A594244293F60067C9BE /* MusicDownloadManager.swift in Sources */ = {isa = PBXBuildFile; fileRef = A574A593244293F60067C9BE /* MusicDownloadManager.swift */; };
		A574A5962442943E0067C9BE /* Download.swift in Sources */ = {isa = PBXBuildFile; fileRef = A574A5952442943E0067C9BE /* Download.swift */; };
		A574A598244294570067C9BE /* DownloadState.swift in Sources */ = {isa = PBXBuildFile; fileRef = A574A597244294570067C9BE /* DownloadState.swift */; };
		A5791B33245DA92200A0E74F /* GlobalSearchView.swift in Sources */ = {isa = PBXBuildFile; fileRef = A5791B32245DA92200A0E74F /* GlobalSearchView.swift */; };
		A5791B35245DAC6D00A0E74F /* SearchColllectionViewCell.swift in Sources */ = {isa = PBXBuildFile; fileRef = A5791B34245DAC6D00A0E74F /* SearchColllectionViewCell.swift */; };
		A5791B37245DB16200A0E74F /* GlobalSearchViewController.swift in Sources */ = {isa = PBXBuildFile; fileRef = A5791B36245DB16200A0E74F /* GlobalSearchViewController.swift */; };
		A5791B39245DB3B400A0E74F /* TabViewController.swift in Sources */ = {isa = PBXBuildFile; fileRef = A5791B38245DB3B400A0E74F /* TabViewController.swift */; };
		A5791B3F245DF46100A0E74F /* UserManager.swift in Sources */ = {isa = PBXBuildFile; fileRef = A5791B3E245DF46100A0E74F /* UserManager.swift */; };
		A5791B41245DF46600A0E74F /* YoutubeManager.swift in Sources */ = {isa = PBXBuildFile; fileRef = A5791B40245DF46600A0E74F /* YoutubeManager.swift */; };
		A5791B43245DF47000A0E74F /* YoutubeService.swift in Sources */ = {isa = PBXBuildFile; fileRef = A5791B42245DF47000A0E74F /* YoutubeService.swift */; };
		A5791B45245DF62A00A0E74F /* RestService.swift in Sources */ = {isa = PBXBuildFile; fileRef = A5791B44245DF62A00A0E74F /* RestService.swift */; };
		A5791B48245DFD4600A0E74F /* PlaylistViewController.swift in Sources */ = {isa = PBXBuildFile; fileRef = A5791B47245DFD4600A0E74F /* PlaylistViewController.swift */; };
		A5791B4A245DFD4B00A0E74F /* PlaylistView.swift in Sources */ = {isa = PBXBuildFile; fileRef = A5791B49245DFD4B00A0E74F /* PlaylistView.swift */; };
		A5791B4F245E023E00A0E74F /* PlaylistCollectionViewCell.swift in Sources */ = {isa = PBXBuildFile; fileRef = A5791B4E245E023E00A0E74F /* PlaylistCollectionViewCell.swift */; };
		A5791B51245E024A00A0E74F /* PlaylistHeaderCollectionViewCell.swift in Sources */ = {isa = PBXBuildFile; fileRef = A5791B50245E024A00A0E74F /* PlaylistHeaderCollectionViewCell.swift */; };
		A5791B53245E1A4400A0E74F /* PlayButton.swift in Sources */ = {isa = PBXBuildFile; fileRef = A5791B52245E1A4400A0E74F /* PlayButton.swift */; };
		A5791B55245E1FD900A0E74F /* MusicPlayerViewController.swift in Sources */ = {isa = PBXBuildFile; fileRef = A5791B54245E1FD900A0E74F /* MusicPlayerViewController.swift */; };
		A5791B57245E233300A0E74F /* downloading_animation.json in Resources */ = {isa = PBXBuildFile; fileRef = A5791B56245E233300A0E74F /* downloading_animation.json */; };
		A582B801244FA8E4009DD580 /* LNForwardingDelegate.m in Sources */ = {isa = PBXBuildFile; fileRef = A582B7E1244FA8E4009DD580 /* LNForwardingDelegate.m */; };
		A582B802244FA8E4009DD580 /* LNPopupController.m in Sources */ = {isa = PBXBuildFile; fileRef = A582B7E2244FA8E4009DD580 /* LNPopupController.m */; };
		A582B803244FA8E4009DD580 /* LNPopupCustomBarViewController.m in Sources */ = {isa = PBXBuildFile; fileRef = A582B7E3244FA8E4009DD580 /* LNPopupCustomBarViewController.m */; };
		A582B804244FA8E4009DD580 /* LNPopupInteractionPanGestureRecognizer.m in Sources */ = {isa = PBXBuildFile; fileRef = A582B7E4244FA8E4009DD580 /* LNPopupInteractionPanGestureRecognizer.m */; };
		A582B805244FA8E4009DD580 /* MarqueeLabel.m in Sources */ = {isa = PBXBuildFile; fileRef = A582B7E6244FA8E4009DD580 /* MarqueeLabel.m */; };
		A582B806244FA8E4009DD580 /* LNChevronView.m in Sources */ = {isa = PBXBuildFile; fileRef = A582B7E9244FA8E4009DD580 /* LNChevronView.m */; };
		A582B807244FA8E4009DD580 /* NSObject+AltKVC.m in Sources */ = {isa = PBXBuildFile; fileRef = A582B7EB244FA8E4009DD580 /* NSObject+AltKVC.m */; };
		A582B808244FA8E4009DD580 /* LNPopupLongPressGesutreRecognizer.m in Sources */ = {isa = PBXBuildFile; fileRef = A582B7EE244FA8E4009DD580 /* LNPopupLongPressGesutreRecognizer.m */; };
		A582B809244FA8E4009DD580 /* LNPopupBar.m in Sources */ = {isa = PBXBuildFile; fileRef = A582B7F0244FA8E4009DD580 /* LNPopupBar.m */; };
		A582B80A244FA8E4009DD580 /* LNPopupCloseButton.m in Sources */ = {isa = PBXBuildFile; fileRef = A582B7F1244FA8E4009DD580 /* LNPopupCloseButton.m */; };
		A582B80B244FA8E4009DD580 /* LNPopupItem.m in Sources */ = {isa = PBXBuildFile; fileRef = A582B7F5244FA8E4009DD580 /* LNPopupItem.m */; };
		A582B80C244FA8E4009DD580 /* LNPopupOpenTapGesutreRecognizer.m in Sources */ = {isa = PBXBuildFile; fileRef = A582B7F7244FA8E4009DD580 /* LNPopupOpenTapGesutreRecognizer.m */; };
		A582B80D244FA8E4009DD580 /* _LNWeakRef.m in Sources */ = {isa = PBXBuildFile; fileRef = A582B7FA244FA8E4009DD580 /* _LNWeakRef.m */; };
		A582B80E244FA8E4009DD580 /* UIViewController+LNPopupSupportPrivate.m in Sources */ = {isa = PBXBuildFile; fileRef = A582B7FB244FA8E4009DD580 /* UIViewController+LNPopupSupportPrivate.m */; };
		A582B80F244FA8E4009DD580 /* _LNPopupBase64Utils.m in Sources */ = {isa = PBXBuildFile; fileRef = A582B7FD244FA8E4009DD580 /* _LNPopupBase64Utils.m */; };
		A582B810244FA8E4009DD580 /* UIViewController+LNPopupSupport.m in Sources */ = {isa = PBXBuildFile; fileRef = A582B7FE244FA8E4009DD580 /* UIViewController+LNPopupSupport.m */; };
		A582B813244FAE42009DD580 /* BaseMusicPlayerViewController.swift in Sources */ = {isa = PBXBuildFile; fileRef = A582B812244FAE42009DD580 /* BaseMusicPlayerViewController.swift */; };
		A582B815244FAE7C009DD580 /* MusicPlayerView.swift in Sources */ = {isa = PBXBuildFile; fileRef = A582B814244FAE7C009DD580 /* MusicPlayerView.swift */; };
		A582B818244FAEBF009DD580 /* MusicPlayerBlurryBackgroundImageView.swift in Sources */ = {isa = PBXBuildFile; fileRef = A582B817244FAEBF009DD580 /* MusicPlayerBlurryBackgroundImageView.swift */; };
		A582B81A244FAED8009DD580 /* BlurEffect.swift in Sources */ = {isa = PBXBuildFile; fileRef = A582B819244FAED8009DD580 /* BlurEffect.swift */; };
		A582B81C244FAF00009DD580 /* MusicPlayerCenterView.swift in Sources */ = {isa = PBXBuildFile; fileRef = A582B81B244FAF00009DD580 /* MusicPlayerCenterView.swift */; };
		A582B81E244FAFBC009DD580 /* MusicPlayerProgressView.swift in Sources */ = {isa = PBXBuildFile; fileRef = A582B81D244FAFBC009DD580 /* MusicPlayerProgressView.swift */; };
		A5E7478B246D6BE60042E484 /* UserService.swift in Sources */ = {isa = PBXBuildFile; fileRef = A5E7478A246D6BE60042E484 /* UserService.swift */; };
		A5E7478D246D6F360042E484 /* User.swift in Sources */ = {isa = PBXBuildFile; fileRef = A5E7478C246D6F360042E484 /* User.swift */; };
		E8B4BEC99587836B24DF47D5 /* Pods_VmpProjectios.framework in Frameworks */ = {isa = PBXBuildFile; fileRef = 2E3ADCF7A5CAE4400744D00E /* Pods_VmpProjectios.framework */; };
/* End PBXBuildFile section */

/* Begin PBXFileReference section */
		008B43DBFBE10B4EBC928E6B /* Pods-VmpProjectios.debug.xcconfig */ = {isa = PBXFileReference; includeInIndex = 1; lastKnownFileType = text.xcconfig; name = "Pods-VmpProjectios.debug.xcconfig"; path = "Target Support Files/Pods-VmpProjectios/Pods-VmpProjectios.debug.xcconfig"; sourceTree = "<group>"; };
		180BAB29243F615100AC1A5B /* MusicCollectionViewCell.swift */ = {isa = PBXFileReference; lastKnownFileType = sourcecode.swift; path = MusicCollectionViewCell.swift; sourceTree = "<group>"; };
		180DD979242E5B2B0096B70D /* VmpProjectios.app */ = {isa = PBXFileReference; explicitFileType = wrapper.application; includeInIndex = 0; path = VmpProjectios.app; sourceTree = BUILT_PRODUCTS_DIR; };
		180DD97C242E5B2B0096B70D /* AppDelegate.swift */ = {isa = PBXFileReference; lastKnownFileType = sourcecode.swift; path = AppDelegate.swift; sourceTree = "<group>"; };
		180DD97E242E5B2B0096B70D /* SceneDelegate.swift */ = {isa = PBXFileReference; lastKnownFileType = sourcecode.swift; path = SceneDelegate.swift; sourceTree = "<group>"; };
		180DD983242E5B2B0096B70D /* Base */ = {isa = PBXFileReference; lastKnownFileType = file.storyboard; name = Base; path = Base.lproj/Main.storyboard; sourceTree = "<group>"; };
		180DD985242E5B2E0096B70D /* Assets.xcassets */ = {isa = PBXFileReference; lastKnownFileType = folder.assetcatalog; path = Assets.xcassets; sourceTree = "<group>"; };
		180DD988242E5B2E0096B70D /* Base */ = {isa = PBXFileReference; lastKnownFileType = file.storyboard; name = Base; path = Base.lproj/LaunchScreen.storyboard; sourceTree = "<group>"; };
		180DD98A242E5B2E0096B70D /* Info.plist */ = {isa = PBXFileReference; lastKnownFileType = text.plist.xml; path = Info.plist; sourceTree = "<group>"; };
		180DD991242E5CE00096B70D /* Label.swift */ = {isa = PBXFileReference; fileEncoding = 4; lastKnownFileType = sourcecode.swift; path = Label.swift; sourceTree = "<group>"; };
		180DD992242E5CE00096B70D /* ViewController.swift */ = {isa = PBXFileReference; fileEncoding = 4; lastKnownFileType = sourcecode.swift; path = ViewController.swift; sourceTree = "<group>"; };
		180DD993242E5CE00096B70D /* View.swift */ = {isa = PBXFileReference; fileEncoding = 4; lastKnownFileType = sourcecode.swift; path = View.swift; sourceTree = "<group>"; };
		180DD994242E5CE00096B70D /* AppButton.swift */ = {isa = PBXFileReference; fileEncoding = 4; lastKnownFileType = sourcecode.swift; path = AppButton.swift; sourceTree = "<group>"; };
		180DD995242E5CE00096B70D /* InputTextField.swift */ = {isa = PBXFileReference; fileEncoding = 4; lastKnownFileType = sourcecode.swift; path = InputTextField.swift; sourceTree = "<group>"; };
		180DD996242E5CE00096B70D /* Color.swift */ = {isa = PBXFileReference; fileEncoding = 4; lastKnownFileType = sourcecode.swift; path = Color.swift; sourceTree = "<group>"; };
		180DD997242E5CE00096B70D /* AppFont.swift */ = {isa = PBXFileReference; fileEncoding = 4; lastKnownFileType = sourcecode.swift; path = AppFont.swift; sourceTree = "<group>"; };
		180DD998242E5CE00096B70D /* SettingsView.swift */ = {isa = PBXFileReference; fileEncoding = 4; lastKnownFileType = sourcecode.swift; path = SettingsView.swift; sourceTree = "<group>"; };
		180DD999242E5CE10096B70D /* MainTabBarController.swift */ = {isa = PBXFileReference; fileEncoding = 4; lastKnownFileType = sourcecode.swift; path = MainTabBarController.swift; sourceTree = "<group>"; };
		180DD99B242E5CE10096B70D /* LoginView.swift */ = {isa = PBXFileReference; fileEncoding = 4; lastKnownFileType = sourcecode.swift; path = LoginView.swift; sourceTree = "<group>"; };
		180DD99C242E5CE10096B70D /* WelcomeViewController.swift */ = {isa = PBXFileReference; fileEncoding = 4; lastKnownFileType = sourcecode.swift; path = WelcomeViewController.swift; sourceTree = "<group>"; };
		180DD99D242E5CE10096B70D /* ForgotPasswordViewController.swift */ = {isa = PBXFileReference; fileEncoding = 4; lastKnownFileType = sourcecode.swift; path = ForgotPasswordViewController.swift; sourceTree = "<group>"; };
		180DD99E242E5CE10096B70D /* WelcomeView.swift */ = {isa = PBXFileReference; fileEncoding = 4; lastKnownFileType = sourcecode.swift; path = WelcomeView.swift; sourceTree = "<group>"; };
		180DD99F242E5CE10096B70D /* ForgotPasswordView.swift */ = {isa = PBXFileReference; fileEncoding = 4; lastKnownFileType = sourcecode.swift; path = ForgotPasswordView.swift; sourceTree = "<group>"; };
		180DD9A0242E5CE10096B70D /* LoginViewController.swift */ = {isa = PBXFileReference; fileEncoding = 4; lastKnownFileType = sourcecode.swift; path = LoginViewController.swift; sourceTree = "<group>"; };
		180DD9A1242E5CE10096B70D /* RegisterView.swift */ = {isa = PBXFileReference; fileEncoding = 4; lastKnownFileType = sourcecode.swift; path = RegisterView.swift; sourceTree = "<group>"; };
		180DD9A2242E5CE10096B70D /* RegisterViewController.swift */ = {isa = PBXFileReference; fileEncoding = 4; lastKnownFileType = sourcecode.swift; path = RegisterViewController.swift; sourceTree = "<group>"; };
		180DD9A3242E5CE10096B70D /* SettingsViewController.swift */ = {isa = PBXFileReference; fileEncoding = 4; lastKnownFileType = sourcecode.swift; path = SettingsViewController.swift; sourceTree = "<group>"; };
		180DD9A6242E5CE10096B70D /* MusicViewController.swift */ = {isa = PBXFileReference; fileEncoding = 4; lastKnownFileType = sourcecode.swift; path = MusicViewController.swift; sourceTree = "<group>"; };
		180DD9A7242E5CE10096B70D /* MusicView.swift */ = {isa = PBXFileReference; fileEncoding = 4; lastKnownFileType = sourcecode.swift; path = MusicView.swift; sourceTree = "<group>"; };
		180DD9A8242E5CE10096B70D /* ProfileView.swift */ = {isa = PBXFileReference; fileEncoding = 4; lastKnownFileType = sourcecode.swift; path = ProfileView.swift; sourceTree = "<group>"; };
		180DD9A9242E5CE10096B70D /* HomeView.swift */ = {isa = PBXFileReference; fileEncoding = 4; lastKnownFileType = sourcecode.swift; path = HomeView.swift; sourceTree = "<group>"; };
		180DD9AA242E5CE10096B70D /* HomeViewController.swift */ = {isa = PBXFileReference; fileEncoding = 4; lastKnownFileType = sourcecode.swift; path = HomeViewController.swift; sourceTree = "<group>"; };
		180DD9AB242E5CE10096B70D /* ProfileViewController.swift */ = {isa = PBXFileReference; fileEncoding = 4; lastKnownFileType = sourcecode.swift; path = ProfileViewController.swift; sourceTree = "<group>"; };
		180DD9AC242E5CE10096B70D /* IrregularityContentView.swift */ = {isa = PBXFileReference; fileEncoding = 4; lastKnownFileType = sourcecode.swift; path = IrregularityContentView.swift; sourceTree = "<group>"; };
		1895F9CF2434A32900464848 /* TestFlowCollectionViewController.swift */ = {isa = PBXFileReference; lastKnownFileType = sourcecode.swift; path = TestFlowCollectionViewController.swift; sourceTree = "<group>"; };
		1895F9D12434A36900464848 /* FlowCollectionView.swift */ = {isa = PBXFileReference; lastKnownFileType = sourcecode.swift; path = FlowCollectionView.swift; sourceTree = "<group>"; };
		18CD0F382440B2F90092F48D /* SubscriptionViewController.swift */ = {isa = PBXFileReference; lastKnownFileType = sourcecode.swift; path = SubscriptionViewController.swift; sourceTree = "<group>"; };
		18CD0F3A2440B32D0092F48D /* SubscriptionView.swift */ = {isa = PBXFileReference; lastKnownFileType = sourcecode.swift; path = SubscriptionView.swift; sourceTree = "<group>"; };
		2E3ADCF7A5CAE4400744D00E /* Pods_VmpProjectios.framework */ = {isa = PBXFileReference; explicitFileType = wrapper.framework; includeInIndex = 0; path = Pods_VmpProjectios.framework; sourceTree = BUILT_PRODUCTS_DIR; };
		A553210D2467946A000D7452 /* PopularVideos.swift */ = {isa = PBXFileReference; lastKnownFileType = sourcecode.swift; path = PopularVideos.swift; sourceTree = "<group>"; };
		A553210F246795BF000D7452 /* BaseModel.swift */ = {isa = PBXFileReference; lastKnownFileType = sourcecode.swift; path = BaseModel.swift; sourceTree = "<group>"; };
		A574A593244293F60067C9BE /* MusicDownloadManager.swift */ = {isa = PBXFileReference; lastKnownFileType = sourcecode.swift; path = MusicDownloadManager.swift; sourceTree = "<group>"; };
		A574A5952442943E0067C9BE /* Download.swift */ = {isa = PBXFileReference; lastKnownFileType = sourcecode.swift; path = Download.swift; sourceTree = "<group>"; };
		A574A597244294570067C9BE /* DownloadState.swift */ = {isa = PBXFileReference; lastKnownFileType = sourcecode.swift; path = DownloadState.swift; sourceTree = "<group>"; };
		A5791B32245DA92200A0E74F /* GlobalSearchView.swift */ = {isa = PBXFileReference; lastKnownFileType = sourcecode.swift; path = GlobalSearchView.swift; sourceTree = "<group>"; };
		A5791B34245DAC6D00A0E74F /* SearchColllectionViewCell.swift */ = {isa = PBXFileReference; lastKnownFileType = sourcecode.swift; path = SearchColllectionViewCell.swift; sourceTree = "<group>"; };
		A5791B36245DB16200A0E74F /* GlobalSearchViewController.swift */ = {isa = PBXFileReference; lastKnownFileType = sourcecode.swift; path = GlobalSearchViewController.swift; sourceTree = "<group>"; };
		A5791B38245DB3B400A0E74F /* TabViewController.swift */ = {isa = PBXFileReference; lastKnownFileType = sourcecode.swift; path = TabViewController.swift; sourceTree = "<group>"; };
		A5791B3E245DF46100A0E74F /* UserManager.swift */ = {isa = PBXFileReference; lastKnownFileType = sourcecode.swift; path = UserManager.swift; sourceTree = "<group>"; };
		A5791B40245DF46600A0E74F /* YoutubeManager.swift */ = {isa = PBXFileReference; lastKnownFileType = sourcecode.swift; path = YoutubeManager.swift; sourceTree = "<group>"; };
		A5791B42245DF47000A0E74F /* YoutubeService.swift */ = {isa = PBXFileReference; lastKnownFileType = sourcecode.swift; path = YoutubeService.swift; sourceTree = "<group>"; };
		A5791B44245DF62A00A0E74F /* RestService.swift */ = {isa = PBXFileReference; lastKnownFileType = sourcecode.swift; path = RestService.swift; sourceTree = "<group>"; };
		A5791B47245DFD4600A0E74F /* PlaylistViewController.swift */ = {isa = PBXFileReference; lastKnownFileType = sourcecode.swift; path = PlaylistViewController.swift; sourceTree = "<group>"; };
		A5791B49245DFD4B00A0E74F /* PlaylistView.swift */ = {isa = PBXFileReference; lastKnownFileType = sourcecode.swift; path = PlaylistView.swift; sourceTree = "<group>"; };
		A5791B4E245E023E00A0E74F /* PlaylistCollectionViewCell.swift */ = {isa = PBXFileReference; lastKnownFileType = sourcecode.swift; path = PlaylistCollectionViewCell.swift; sourceTree = "<group>"; };
		A5791B50245E024A00A0E74F /* PlaylistHeaderCollectionViewCell.swift */ = {isa = PBXFileReference; lastKnownFileType = sourcecode.swift; path = PlaylistHeaderCollectionViewCell.swift; sourceTree = "<group>"; };
		A5791B52245E1A4400A0E74F /* PlayButton.swift */ = {isa = PBXFileReference; lastKnownFileType = sourcecode.swift; path = PlayButton.swift; sourceTree = "<group>"; };
		A5791B54245E1FD900A0E74F /* MusicPlayerViewController.swift */ = {isa = PBXFileReference; lastKnownFileType = sourcecode.swift; path = MusicPlayerViewController.swift; sourceTree = "<group>"; };
		A5791B56245E233300A0E74F /* downloading_animation.json */ = {isa = PBXFileReference; fileEncoding = 4; lastKnownFileType = text.json; path = downloading_animation.json; sourceTree = "<group>"; };
		A582B7D8244FA8E4009DD580 /* LNPopupCloseButton.h */ = {isa = PBXFileReference; fileEncoding = 4; lastKnownFileType = sourcecode.c.h; path = LNPopupCloseButton.h; sourceTree = "<group>"; };
		A582B7D9244FA8E4009DD580 /* LNPopupBar.h */ = {isa = PBXFileReference; fileEncoding = 4; lastKnownFileType = sourcecode.c.h; path = LNPopupBar.h; sourceTree = "<group>"; };
		A582B7DA244FA8E4009DD580 /* LNPopupContentView.h */ = {isa = PBXFileReference; fileEncoding = 4; lastKnownFileType = sourcecode.c.h; path = LNPopupContentView.h; sourceTree = "<group>"; };
		A582B7DB244FA8E4009DD580 /* LNPopupItem.h */ = {isa = PBXFileReference; fileEncoding = 4; lastKnownFileType = sourcecode.c.h; path = LNPopupItem.h; sourceTree = "<group>"; };
		A582B7DC244FA8E4009DD580 /* UIViewController+LNPopupSupport.h */ = {isa = PBXFileReference; fileEncoding = 4; lastKnownFileType = sourcecode.c.h; path = "UIViewController+LNPopupSupport.h"; sourceTree = "<group>"; };
		A582B7DD244FA8E4009DD580 /* LNPopupController.pch */ = {isa = PBXFileReference; fileEncoding = 4; lastKnownFileType = sourcecode.c.h; path = LNPopupController.pch; sourceTree = "<group>"; };
		A582B7DE244FA8E4009DD580 /* LNPopupCustomBarViewController.h */ = {isa = PBXFileReference; fileEncoding = 4; lastKnownFileType = sourcecode.c.h; path = LNPopupCustomBarViewController.h; sourceTree = "<group>"; };
		A582B7DF244FA8E4009DD580 /* LNPopupController.h */ = {isa = PBXFileReference; fileEncoding = 4; lastKnownFileType = sourcecode.c.h; path = LNPopupController.h; sourceTree = "<group>"; };
		A582B7E1244FA8E4009DD580 /* LNForwardingDelegate.m */ = {isa = PBXFileReference; fileEncoding = 4; lastKnownFileType = sourcecode.c.objc; path = LNForwardingDelegate.m; sourceTree = "<group>"; };
		A582B7E2244FA8E4009DD580 /* LNPopupController.m */ = {isa = PBXFileReference; fileEncoding = 4; lastKnownFileType = sourcecode.c.objc; path = LNPopupController.m; sourceTree = "<group>"; };
		A582B7E3244FA8E4009DD580 /* LNPopupCustomBarViewController.m */ = {isa = PBXFileReference; fileEncoding = 4; lastKnownFileType = sourcecode.c.objc; path = LNPopupCustomBarViewController.m; sourceTree = "<group>"; };
		A582B7E4244FA8E4009DD580 /* LNPopupInteractionPanGestureRecognizer.m */ = {isa = PBXFileReference; fileEncoding = 4; lastKnownFileType = sourcecode.c.objc; path = LNPopupInteractionPanGestureRecognizer.m; sourceTree = "<group>"; };
		A582B7E5244FA8E4009DD580 /* LNPopupLongPressGesutreRecognizer.h */ = {isa = PBXFileReference; fileEncoding = 4; lastKnownFileType = sourcecode.c.h; path = LNPopupLongPressGesutreRecognizer.h; sourceTree = "<group>"; };
		A582B7E6244FA8E4009DD580 /* MarqueeLabel.m */ = {isa = PBXFileReference; fileEncoding = 4; lastKnownFileType = sourcecode.c.objc; path = MarqueeLabel.m; sourceTree = "<group>"; };
		A582B7E7244FA8E4009DD580 /* LNPopupItem+Private.h */ = {isa = PBXFileReference; fileEncoding = 4; lastKnownFileType = sourcecode.c.h; path = "LNPopupItem+Private.h"; sourceTree = "<group>"; };
		A582B7E8244FA8E4009DD580 /* LNPopupOpenTapGesutreRecognizer.h */ = {isa = PBXFileReference; fileEncoding = 4; lastKnownFileType = sourcecode.c.h; path = LNPopupOpenTapGesutreRecognizer.h; sourceTree = "<group>"; };
		A582B7E9244FA8E4009DD580 /* LNChevronView.m */ = {isa = PBXFileReference; fileEncoding = 4; lastKnownFileType = sourcecode.c.objc; path = LNChevronView.m; sourceTree = "<group>"; };
		A582B7EA244FA8E4009DD580 /* _LNPopupBase64Utils.h */ = {isa = PBXFileReference; fileEncoding = 4; lastKnownFileType = sourcecode.c.h; path = _LNPopupBase64Utils.h; sourceTree = "<group>"; };
		A582B7EB244FA8E4009DD580 /* NSObject+AltKVC.m */ = {isa = PBXFileReference; fileEncoding = 4; lastKnownFileType = sourcecode.c.objc; path = "NSObject+AltKVC.m"; sourceTree = "<group>"; };
		A582B7EC244FA8E4009DD580 /* UIViewController+LNPopupSupportPrivate.h */ = {isa = PBXFileReference; fileEncoding = 4; lastKnownFileType = sourcecode.c.h; path = "UIViewController+LNPopupSupportPrivate.h"; sourceTree = "<group>"; };
		A582B7ED244FA8E4009DD580 /* _LNWeakRef.h */ = {isa = PBXFileReference; fileEncoding = 4; lastKnownFileType = sourcecode.c.h; path = _LNWeakRef.h; sourceTree = "<group>"; };
		A582B7EE244FA8E4009DD580 /* LNPopupLongPressGesutreRecognizer.m */ = {isa = PBXFileReference; fileEncoding = 4; lastKnownFileType = sourcecode.c.objc; path = LNPopupLongPressGesutreRecognizer.m; sourceTree = "<group>"; };
		A582B7EF244FA8E4009DD580 /* LNPopupInteractionPanGestureRecognizer.h */ = {isa = PBXFileReference; fileEncoding = 4; lastKnownFileType = sourcecode.c.h; path = LNPopupInteractionPanGestureRecognizer.h; sourceTree = "<group>"; };
		A582B7F0244FA8E4009DD580 /* LNPopupBar.m */ = {isa = PBXFileReference; fileEncoding = 4; lastKnownFileType = sourcecode.c.objc; path = LNPopupBar.m; sourceTree = "<group>"; };
		A582B7F1244FA8E4009DD580 /* LNPopupCloseButton.m */ = {isa = PBXFileReference; fileEncoding = 4; lastKnownFileType = sourcecode.c.objc; path = LNPopupCloseButton.m; sourceTree = "<group>"; };
		A582B7F2244FA8E4009DD580 /* LNPopupController.h */ = {isa = PBXFileReference; fileEncoding = 4; lastKnownFileType = sourcecode.c.h; path = LNPopupController.h; sourceTree = "<group>"; };
		A582B7F3244FA8E4009DD580 /* LNPopupCloseButton+Private.h */ = {isa = PBXFileReference; fileEncoding = 4; lastKnownFileType = sourcecode.c.h; path = "LNPopupCloseButton+Private.h"; sourceTree = "<group>"; };
		A582B7F4244FA8E4009DD580 /* LNForwardingDelegate.h */ = {isa = PBXFileReference; fileEncoding = 4; lastKnownFileType = sourcecode.c.h; path = LNForwardingDelegate.h; sourceTree = "<group>"; };
		A582B7F5244FA8E4009DD580 /* LNPopupItem.m */ = {isa = PBXFileReference; fileEncoding = 4; lastKnownFileType = sourcecode.c.objc; path = LNPopupItem.m; sourceTree = "<group>"; };
		A582B7F6244FA8E4009DD580 /* LNChevronView.h */ = {isa = PBXFileReference; fileEncoding = 4; lastKnownFileType = sourcecode.c.h; path = LNChevronView.h; sourceTree = "<group>"; };
		A582B7F7244FA8E4009DD580 /* LNPopupOpenTapGesutreRecognizer.m */ = {isa = PBXFileReference; fileEncoding = 4; lastKnownFileType = sourcecode.c.objc; path = LNPopupOpenTapGesutreRecognizer.m; sourceTree = "<group>"; };
		A582B7F8244FA8E4009DD580 /* MarqueeLabel.h */ = {isa = PBXFileReference; fileEncoding = 4; lastKnownFileType = sourcecode.c.h; path = MarqueeLabel.h; sourceTree = "<group>"; };
		A582B7F9244FA8E4009DD580 /* LNPopupBar+Private.h */ = {isa = PBXFileReference; fileEncoding = 4; lastKnownFileType = sourcecode.c.h; path = "LNPopupBar+Private.h"; sourceTree = "<group>"; };
		A582B7FA244FA8E4009DD580 /* _LNWeakRef.m */ = {isa = PBXFileReference; fileEncoding = 4; lastKnownFileType = sourcecode.c.objc; path = _LNWeakRef.m; sourceTree = "<group>"; };
		A582B7FB244FA8E4009DD580 /* UIViewController+LNPopupSupportPrivate.m */ = {isa = PBXFileReference; fileEncoding = 4; lastKnownFileType = sourcecode.c.objc; path = "UIViewController+LNPopupSupportPrivate.m"; sourceTree = "<group>"; };
		A582B7FC244FA8E4009DD580 /* NSObject+AltKVC.h */ = {isa = PBXFileReference; fileEncoding = 4; lastKnownFileType = sourcecode.c.h; path = "NSObject+AltKVC.h"; sourceTree = "<group>"; };
		A582B7FD244FA8E4009DD580 /* _LNPopupBase64Utils.m */ = {isa = PBXFileReference; fileEncoding = 4; lastKnownFileType = sourcecode.c.objc; path = _LNPopupBase64Utils.m; sourceTree = "<group>"; };
		A582B7FE244FA8E4009DD580 /* UIViewController+LNPopupSupport.m */ = {isa = PBXFileReference; fileEncoding = 4; lastKnownFileType = sourcecode.c.objc; path = "UIViewController+LNPopupSupport.m"; sourceTree = "<group>"; };
		A582B7FF244FA8E4009DD580 /* LNPopupCustomBarViewController+Private.h */ = {isa = PBXFileReference; fileEncoding = 4; lastKnownFileType = sourcecode.c.h; path = "LNPopupCustomBarViewController+Private.h"; sourceTree = "<group>"; };
		A582B811244FAB4D009DD580 /* VmpProjectios-LNPopupController-Bridging-Header.h */ = {isa = PBXFileReference; lastKnownFileType = sourcecode.c.h; path = "VmpProjectios-LNPopupController-Bridging-Header.h"; sourceTree = "<group>"; };
		A582B812244FAE42009DD580 /* BaseMusicPlayerViewController.swift */ = {isa = PBXFileReference; lastKnownFileType = sourcecode.swift; path = BaseMusicPlayerViewController.swift; sourceTree = "<group>"; };
		A582B814244FAE7C009DD580 /* MusicPlayerView.swift */ = {isa = PBXFileReference; lastKnownFileType = sourcecode.swift; path = MusicPlayerView.swift; sourceTree = "<group>"; };
		A582B817244FAEBF009DD580 /* MusicPlayerBlurryBackgroundImageView.swift */ = {isa = PBXFileReference; lastKnownFileType = sourcecode.swift; path = MusicPlayerBlurryBackgroundImageView.swift; sourceTree = "<group>"; };
		A582B819244FAED8009DD580 /* BlurEffect.swift */ = {isa = PBXFileReference; lastKnownFileType = sourcecode.swift; path = BlurEffect.swift; sourceTree = "<group>"; };
		A582B81B244FAF00009DD580 /* MusicPlayerCenterView.swift */ = {isa = PBXFileReference; lastKnownFileType = sourcecode.swift; path = MusicPlayerCenterView.swift; sourceTree = "<group>"; };
		A582B81D244FAFBC009DD580 /* MusicPlayerProgressView.swift */ = {isa = PBXFileReference; lastKnownFileType = sourcecode.swift; path = MusicPlayerProgressView.swift; sourceTree = "<group>"; };
		A5E7478A246D6BE60042E484 /* UserService.swift */ = {isa = PBXFileReference; lastKnownFileType = sourcecode.swift; path = UserService.swift; sourceTree = "<group>"; };
		A5E7478C246D6F360042E484 /* User.swift */ = {isa = PBXFileReference; lastKnownFileType = sourcecode.swift; path = User.swift; sourceTree = "<group>"; };
		C8417F21A4C793956A7F4E8D /* Pods-VmpProjectios.release.xcconfig */ = {isa = PBXFileReference; includeInIndex = 1; lastKnownFileType = text.xcconfig; name = "Pods-VmpProjectios.release.xcconfig"; path = "Target Support Files/Pods-VmpProjectios/Pods-VmpProjectios.release.xcconfig"; sourceTree = "<group>"; };
/* End PBXFileReference section */

/* Begin PBXFrameworksBuildPhase section */
		180DD976242E5B2B0096B70D /* Frameworks */ = {
			isa = PBXFrameworksBuildPhase;
			buildActionMask = 2147483647;
			files = (
				E8B4BEC99587836B24DF47D5 /* Pods_VmpProjectios.framework in Frameworks */,
			);
			runOnlyForDeploymentPostprocessing = 0;
		};
/* End PBXFrameworksBuildPhase section */

/* Begin PBXGroup section */
		180DD970242E5B2B0096B70D = {
			isa = PBXGroup;
			children = (
				180DD97B242E5B2B0096B70D /* VmpProjectios */,
				180DD97A242E5B2B0096B70D /* Products */,
				1B79A7D3126E36B0AB3309AA /* Pods */,
				F3D05D9F15EFBD9DD7510C12 /* Frameworks */,
			);
			sourceTree = "<group>";
		};
		180DD97A242E5B2B0096B70D /* Products */ = {
			isa = PBXGroup;
			children = (
				180DD979242E5B2B0096B70D /* VmpProjectios.app */,
			);
			name = Products;
			sourceTree = "<group>";
		};
		180DD97B242E5B2B0096B70D /* VmpProjectios */ = {
			isa = PBXGroup;
			children = (
				A553210C2467918C000D7452 /* Model */,
				A5791B56245E233300A0E74F /* downloading_animation.json */,
				180DD97C242E5B2B0096B70D /* AppDelegate.swift */,
				180DD97E242E5B2B0096B70D /* SceneDelegate.swift */,
				A582B811244FAB4D009DD580 /* VmpProjectios-LNPopupController-Bridging-Header.h */,
				A5791B3D245DF45700A0E74F /* Backend */,
				A5791B31245DA91200A0E74F /* Global Search */,
				A582B816244FAE8A009DD580 /* Music Player */,
				A582B7D7244FA8E4009DD580 /* LNPopupController */,
				180DD990242E5CE00096B70D /* Class */,
				A5791B46245DFCBF00A0E74F /* Subscription */,
				180DD9A4242E5CE10096B70D /* Tabs */,
				180DD99A242E5CE10096B70D /* Welcome */,
				A5791B4B245DFD5100A0E74F /* Playlist */,
				A5791B3C245DCF7900A0E74F /* Settings */,
				A5791B4D245DFDCD00A0E74F /* Download */,
				1895F9CF2434A32900464848 /* TestFlowCollectionViewController.swift */,
				1895F9D12434A36900464848 /* FlowCollectionView.swift */,
				180BAB29243F615100AC1A5B /* MusicCollectionViewCell.swift */,
				180DD982242E5B2B0096B70D /* Main.storyboard */,
				180DD985242E5B2E0096B70D /* Assets.xcassets */,
				180DD987242E5B2E0096B70D /* LaunchScreen.storyboard */,
				180DD98A242E5B2E0096B70D /* Info.plist */,
			);
			path = VmpProjectios;
			sourceTree = "<group>";
		};
		180DD990242E5CE00096B70D /* Class */ = {
			isa = PBXGroup;
			children = (
				180DD991242E5CE00096B70D /* Label.swift */,
				180DD992242E5CE00096B70D /* ViewController.swift */,
				180DD993242E5CE00096B70D /* View.swift */,
				180DD994242E5CE00096B70D /* AppButton.swift */,
				180DD995242E5CE00096B70D /* InputTextField.swift */,
				180DD996242E5CE00096B70D /* Color.swift */,
				180DD997242E5CE00096B70D /* AppFont.swift */,
				A5791B52245E1A4400A0E74F /* PlayButton.swift */,
			);
			path = Class;
			sourceTree = "<group>";
		};
		180DD99A242E5CE10096B70D /* Welcome */ = {
			isa = PBXGroup;
			children = (
				180DD99B242E5CE10096B70D /* LoginView.swift */,
				180DD99C242E5CE10096B70D /* WelcomeViewController.swift */,
				180DD99D242E5CE10096B70D /* ForgotPasswordViewController.swift */,
				180DD99E242E5CE10096B70D /* WelcomeView.swift */,
				180DD99F242E5CE10096B70D /* ForgotPasswordView.swift */,
				180DD9A0242E5CE10096B70D /* LoginViewController.swift */,
				180DD9A1242E5CE10096B70D /* RegisterView.swift */,
				180DD9A2242E5CE10096B70D /* RegisterViewController.swift */,
			);
			path = Welcome;
			sourceTree = "<group>";
		};
		180DD9A4242E5CE10096B70D /* Tabs */ = {
			isa = PBXGroup;
			children = (
				A5791B4C245DFD6E00A0E74F /* Main Tab */,
				A5791B38245DB3B400A0E74F /* TabViewController.swift */,
				180DD9A5242E5CE10096B70D /* Music */,
				A5791B3B245DB53700A0E74F /* Profile */,
				A5791B3A245DB53200A0E74F /* Home */,
			);
			path = Tabs;
			sourceTree = "<group>";
		};
		180DD9A5242E5CE10096B70D /* Music */ = {
			isa = PBXGroup;
			children = (
				180DD9A6242E5CE10096B70D /* MusicViewController.swift */,
				180DD9A7242E5CE10096B70D /* MusicView.swift */,
			);
			path = Music;
			sourceTree = "<group>";
		};
		1B79A7D3126E36B0AB3309AA /* Pods */ = {
			isa = PBXGroup;
			children = (
				008B43DBFBE10B4EBC928E6B /* Pods-VmpProjectios.debug.xcconfig */,
				C8417F21A4C793956A7F4E8D /* Pods-VmpProjectios.release.xcconfig */,
			);
			path = Pods;
			sourceTree = "<group>";
		};
		A553210C2467918C000D7452 /* Model */ = {
			isa = PBXGroup;
			children = (
				A553210D2467946A000D7452 /* PopularVideos.swift */,
				A553210F246795BF000D7452 /* BaseModel.swift */,
				A5E7478C246D6F360042E484 /* User.swift */,
			);
			path = Model;
			sourceTree = "<group>";
		};
		A5791B31245DA91200A0E74F /* Global Search */ = {
			isa = PBXGroup;
			children = (
				A5791B32245DA92200A0E74F /* GlobalSearchView.swift */,
				A5791B34245DAC6D00A0E74F /* SearchColllectionViewCell.swift */,
				A5791B36245DB16200A0E74F /* GlobalSearchViewController.swift */,
			);
			path = "Global Search";
			sourceTree = "<group>";
		};
		A5791B3A245DB53200A0E74F /* Home */ = {
			isa = PBXGroup;
			children = (
				180DD9A9242E5CE10096B70D /* HomeView.swift */,
				180DD9AA242E5CE10096B70D /* HomeViewController.swift */,
			);
			path = Home;
			sourceTree = "<group>";
		};
		A5791B3B245DB53700A0E74F /* Profile */ = {
			isa = PBXGroup;
			children = (
				180DD9A8242E5CE10096B70D /* ProfileView.swift */,
				180DD9AB242E5CE10096B70D /* ProfileViewController.swift */,
			);
			name = Profile;
			sourceTree = "<group>";
		};
		A5791B3C245DCF7900A0E74F /* Settings */ = {
			isa = PBXGroup;
			children = (
				180DD998242E5CE00096B70D /* SettingsView.swift */,
				180DD9A3242E5CE10096B70D /* SettingsViewController.swift */,
			);
			name = Settings;
			sourceTree = "<group>";
		};
		A5791B3D245DF45700A0E74F /* Backend */ = {
			isa = PBXGroup;
			children = (
				A5791B3E245DF46100A0E74F /* UserManager.swift */,
				A5791B40245DF46600A0E74F /* YoutubeManager.swift */,
				A5791B42245DF47000A0E74F /* YoutubeService.swift */,
				A5791B44245DF62A00A0E74F /* RestService.swift */,
				A5E7478A246D6BE60042E484 /* UserService.swift */,
			);
			path = Backend;
			sourceTree = "<group>";
		};
		A5791B46245DFCBF00A0E74F /* Subscription */ = {
			isa = PBXGroup;
			children = (
				18CD0F382440B2F90092F48D /* SubscriptionViewController.swift */,
				18CD0F3A2440B32D0092F48D /* SubscriptionView.swift */,
			);
			path = Subscription;
			sourceTree = "<group>";
		};
		A5791B4B245DFD5100A0E74F /* Playlist */ = {
			isa = PBXGroup;
			children = (
				A5791B47245DFD4600A0E74F /* PlaylistViewController.swift */,
				A5791B50245E024A00A0E74F /* PlaylistHeaderCollectionViewCell.swift */,
				A5791B4E245E023E00A0E74F /* PlaylistCollectionViewCell.swift */,
				A5791B49245DFD4B00A0E74F /* PlaylistView.swift */,
			);
			path = Playlist;
			sourceTree = "<group>";
		};
		A5791B4C245DFD6E00A0E74F /* Main Tab */ = {
			isa = PBXGroup;
			children = (
				180DD9AC242E5CE10096B70D /* IrregularityContentView.swift */,
				180DD999242E5CE10096B70D /* MainTabBarController.swift */,
			);
			path = "Main Tab";
			sourceTree = "<group>";
		};
		A5791B4D245DFDCD00A0E74F /* Download */ = {
			isa = PBXGroup;
			children = (
				A574A593244293F60067C9BE /* MusicDownloadManager.swift */,
				A574A5952442943E0067C9BE /* Download.swift */,
				A574A597244294570067C9BE /* DownloadState.swift */,
			);
			path = Download;
			sourceTree = "<group>";
		};
		A582B7D7244FA8E4009DD580 /* LNPopupController */ = {
			isa = PBXGroup;
			children = (
				A582B7D8244FA8E4009DD580 /* LNPopupCloseButton.h */,
				A582B7D9244FA8E4009DD580 /* LNPopupBar.h */,
				A582B7DA244FA8E4009DD580 /* LNPopupContentView.h */,
				A582B7DB244FA8E4009DD580 /* LNPopupItem.h */,
				A582B7DC244FA8E4009DD580 /* UIViewController+LNPopupSupport.h */,
				A582B7DD244FA8E4009DD580 /* LNPopupController.pch */,
				A582B7DE244FA8E4009DD580 /* LNPopupCustomBarViewController.h */,
				A582B7DF244FA8E4009DD580 /* LNPopupController.h */,
				A582B7E0244FA8E4009DD580 /* Private */,
			);
			path = LNPopupController;
			sourceTree = "<group>";
		};
		A582B7E0244FA8E4009DD580 /* Private */ = {
			isa = PBXGroup;
			children = (
				A582B7E1244FA8E4009DD580 /* LNForwardingDelegate.m */,
				A582B7E2244FA8E4009DD580 /* LNPopupController.m */,
				A582B7E3244FA8E4009DD580 /* LNPopupCustomBarViewController.m */,
				A582B7E4244FA8E4009DD580 /* LNPopupInteractionPanGestureRecognizer.m */,
				A582B7E5244FA8E4009DD580 /* LNPopupLongPressGesutreRecognizer.h */,
				A582B7E6244FA8E4009DD580 /* MarqueeLabel.m */,
				A582B7E7244FA8E4009DD580 /* LNPopupItem+Private.h */,
				A582B7E8244FA8E4009DD580 /* LNPopupOpenTapGesutreRecognizer.h */,
				A582B7E9244FA8E4009DD580 /* LNChevronView.m */,
				A582B7EA244FA8E4009DD580 /* _LNPopupBase64Utils.h */,
				A582B7EB244FA8E4009DD580 /* NSObject+AltKVC.m */,
				A582B7EC244FA8E4009DD580 /* UIViewController+LNPopupSupportPrivate.h */,
				A582B7ED244FA8E4009DD580 /* _LNWeakRef.h */,
				A582B7EE244FA8E4009DD580 /* LNPopupLongPressGesutreRecognizer.m */,
				A582B7EF244FA8E4009DD580 /* LNPopupInteractionPanGestureRecognizer.h */,
				A582B7F0244FA8E4009DD580 /* LNPopupBar.m */,
				A582B7F1244FA8E4009DD580 /* LNPopupCloseButton.m */,
				A582B7F2244FA8E4009DD580 /* LNPopupController.h */,
				A582B7F3244FA8E4009DD580 /* LNPopupCloseButton+Private.h */,
				A582B7F4244FA8E4009DD580 /* LNForwardingDelegate.h */,
				A582B7F5244FA8E4009DD580 /* LNPopupItem.m */,
				A582B7F6244FA8E4009DD580 /* LNChevronView.h */,
				A582B7F7244FA8E4009DD580 /* LNPopupOpenTapGesutreRecognizer.m */,
				A582B7F8244FA8E4009DD580 /* MarqueeLabel.h */,
				A582B7F9244FA8E4009DD580 /* LNPopupBar+Private.h */,
				A582B7FA244FA8E4009DD580 /* _LNWeakRef.m */,
				A582B7FB244FA8E4009DD580 /* UIViewController+LNPopupSupportPrivate.m */,
				A582B7FC244FA8E4009DD580 /* NSObject+AltKVC.h */,
				A582B7FD244FA8E4009DD580 /* _LNPopupBase64Utils.m */,
				A582B7FE244FA8E4009DD580 /* UIViewController+LNPopupSupport.m */,
				A582B7FF244FA8E4009DD580 /* LNPopupCustomBarViewController+Private.h */,
			);
			path = Private;
			sourceTree = "<group>";
		};
		A582B816244FAE8A009DD580 /* Music Player */ = {
			isa = PBXGroup;
			children = (
				A582B812244FAE42009DD580 /* BaseMusicPlayerViewController.swift */,
				A582B814244FAE7C009DD580 /* MusicPlayerView.swift */,
				A582B81D244FAFBC009DD580 /* MusicPlayerProgressView.swift */,
				A582B81B244FAF00009DD580 /* MusicPlayerCenterView.swift */,
				A582B817244FAEBF009DD580 /* MusicPlayerBlurryBackgroundImageView.swift */,
				A582B819244FAED8009DD580 /* BlurEffect.swift */,
				A5791B54245E1FD900A0E74F /* MusicPlayerViewController.swift */,
			);
			path = "Music Player";
			sourceTree = "<group>";
		};
		F3D05D9F15EFBD9DD7510C12 /* Frameworks */ = {
			isa = PBXGroup;
			children = (
				2E3ADCF7A5CAE4400744D00E /* Pods_VmpProjectios.framework */,
			);
			name = Frameworks;
			sourceTree = "<group>";
		};
/* End PBXGroup section */

/* Begin PBXNativeTarget section */
		180DD978242E5B2B0096B70D /* VmpProjectios */ = {
			isa = PBXNativeTarget;
			buildConfigurationList = 180DD98D242E5B2E0096B70D /* Build configuration list for PBXNativeTarget "VmpProjectios" */;
			buildPhases = (
				51F3335D6CCA6C00B351E940 /* [CP] Check Pods Manifest.lock */,
				180DD975242E5B2B0096B70D /* Sources */,
				180DD976242E5B2B0096B70D /* Frameworks */,
				180DD977242E5B2B0096B70D /* Resources */,
				92BF0AD081874EAA09FF2F4A /* [CP] Embed Pods Frameworks */,
			);
			buildRules = (
			);
			dependencies = (
			);
			name = VmpProjectios;
			productName = VmpProjectios;
			productReference = 180DD979242E5B2B0096B70D /* VmpProjectios.app */;
			productType = "com.apple.product-type.application";
		};
/* End PBXNativeTarget section */

/* Begin PBXProject section */
		180DD971242E5B2B0096B70D /* Project object */ = {
			isa = PBXProject;
			attributes = {
				LastSwiftUpdateCheck = 1140;
				LastUpgradeCheck = 1140;
				ORGANIZATIONNAME = "Metin Yıldız";
				TargetAttributes = {
					180DD978242E5B2B0096B70D = {
						CreatedOnToolsVersion = 11.4;
					};
				};
			};
			buildConfigurationList = 180DD974242E5B2B0096B70D /* Build configuration list for PBXProject "VmpProjectios" */;
			compatibilityVersion = "Xcode 9.3";
			developmentRegion = en;
			hasScannedForEncodings = 0;
			knownRegions = (
				en,
				Base,
			);
			mainGroup = 180DD970242E5B2B0096B70D;
			productRefGroup = 180DD97A242E5B2B0096B70D /* Products */;
			projectDirPath = "";
			projectRoot = "";
			targets = (
				180DD978242E5B2B0096B70D /* VmpProjectios */,
			);
		};
/* End PBXProject section */

/* Begin PBXResourcesBuildPhase section */
		180DD977242E5B2B0096B70D /* Resources */ = {
			isa = PBXResourcesBuildPhase;
			buildActionMask = 2147483647;
			files = (
				180DD989242E5B2E0096B70D /* LaunchScreen.storyboard in Resources */,
				180DD986242E5B2E0096B70D /* Assets.xcassets in Resources */,
				180DD984242E5B2B0096B70D /* Main.storyboard in Resources */,
				A5791B57245E233300A0E74F /* downloading_animation.json in Resources */,
			);
			runOnlyForDeploymentPostprocessing = 0;
		};
/* End PBXResourcesBuildPhase section */

/* Begin PBXShellScriptBuildPhase section */
		51F3335D6CCA6C00B351E940 /* [CP] Check Pods Manifest.lock */ = {
			isa = PBXShellScriptBuildPhase;
			buildActionMask = 2147483647;
			files = (
			);
			inputFileListPaths = (
			);
			inputPaths = (
				"${PODS_PODFILE_DIR_PATH}/Podfile.lock",
				"${PODS_ROOT}/Manifest.lock",
			);
			name = "[CP] Check Pods Manifest.lock";
			outputFileListPaths = (
			);
			outputPaths = (
				"$(DERIVED_FILE_DIR)/Pods-VmpProjectios-checkManifestLockResult.txt",
			);
			runOnlyForDeploymentPostprocessing = 0;
			shellPath = /bin/sh;
			shellScript = "diff \"${PODS_PODFILE_DIR_PATH}/Podfile.lock\" \"${PODS_ROOT}/Manifest.lock\" > /dev/null\nif [ $? != 0 ] ; then\n    # print error to STDERR\n    echo \"error: The sandbox is not in sync with the Podfile.lock. Run 'pod install' or update your CocoaPods installation.\" >&2\n    exit 1\nfi\n# This output is used by Xcode 'outputs' to avoid re-running this script phase.\necho \"SUCCESS\" > \"${SCRIPT_OUTPUT_FILE_0}\"\n";
			showEnvVarsInLog = 0;
		};
		92BF0AD081874EAA09FF2F4A /* [CP] Embed Pods Frameworks */ = {
			isa = PBXShellScriptBuildPhase;
			buildActionMask = 2147483647;
			files = (
			);
			inputFileListPaths = (
				"${PODS_ROOT}/Target Support Files/Pods-VmpProjectios/Pods-VmpProjectios-frameworks-${CONFIGURATION}-input-files.xcfilelist",
			);
			name = "[CP] Embed Pods Frameworks";
			outputFileListPaths = (
				"${PODS_ROOT}/Target Support Files/Pods-VmpProjectios/Pods-VmpProjectios-frameworks-${CONFIGURATION}-output-files.xcfilelist",
			);
			runOnlyForDeploymentPostprocessing = 0;
			shellPath = /bin/sh;
			shellScript = "\"${PODS_ROOT}/Target Support Files/Pods-VmpProjectios/Pods-VmpProjectios-frameworks.sh\"\n";
			showEnvVarsInLog = 0;
		};
/* End PBXShellScriptBuildPhase section */

/* Begin PBXSourcesBuildPhase section */
		180DD975242E5B2B0096B70D /* Sources */ = {
			isa = PBXSourcesBuildPhase;
			buildActionMask = 2147483647;
			files = (
				A582B80A244FA8E4009DD580 /* LNPopupCloseButton.m in Sources */,
				A5791B53245E1A4400A0E74F /* PlayButton.swift in Sources */,
				180DD9C3242E5CE10096B70D /* HomeViewController.swift in Sources */,
				180DD97D242E5B2B0096B70D /* AppDelegate.swift in Sources */,
				180DD97F242E5B2B0096B70D /* SceneDelegate.swift in Sources */,
				180DD9BA242E5CE10096B70D /* ForgotPasswordView.swift in Sources */,
				A582B810244FA8E4009DD580 /* UIViewController+LNPopupSupport.m in Sources */,
				A5791B41245DF46600A0E74F /* YoutubeManager.swift in Sources */,
				A574A598244294570067C9BE /* DownloadState.swift in Sources */,
				180DD9BE242E5CE10096B70D /* SettingsViewController.swift in Sources */,
				180DD9B5242E5CE10096B70D /* MainTabBarController.swift in Sources */,
				180DD9BD242E5CE10096B70D /* RegisterViewController.swift in Sources */,
				A582B806244FA8E4009DD580 /* LNChevronView.m in Sources */,
				180DD9B3242E5CE10096B70D /* AppFont.swift in Sources */,
				A5E7478B246D6BE60042E484 /* UserService.swift in Sources */,
				A582B801244FA8E4009DD580 /* LNForwardingDelegate.m in Sources */,
				A5791B45245DF62A00A0E74F /* RestService.swift in Sources */,
				A5791B39245DB3B400A0E74F /* TabViewController.swift in Sources */,
				180DD9AF242E5CE10096B70D /* View.swift in Sources */,
				A582B80C244FA8E4009DD580 /* LNPopupOpenTapGesutreRecognizer.m in Sources */,
				A553210E2467946A000D7452 /* PopularVideos.swift in Sources */,
				A582B807244FA8E4009DD580 /* NSObject+AltKVC.m in Sources */,
				A582B81C244FAF00009DD580 /* MusicPlayerCenterView.swift in Sources */,
				A582B80F244FA8E4009DD580 /* _LNPopupBase64Utils.m in Sources */,
				A5791B35245DAC6D00A0E74F /* SearchColllectionViewCell.swift in Sources */,
				180DD9B0242E5CE10096B70D /* AppButton.swift in Sources */,
				180DD9C4242E5CE10096B70D /* ProfileViewController.swift in Sources */,
				180DD9C5242E5CE10096B70D /* IrregularityContentView.swift in Sources */,
				180DD9B7242E5CE10096B70D /* WelcomeViewController.swift in Sources */,
				A582B808244FA8E4009DD580 /* LNPopupLongPressGesutreRecognizer.m in Sources */,
				180DD9B6242E5CE10096B70D /* LoginView.swift in Sources */,
				180DD9BC242E5CE10096B70D /* RegisterView.swift in Sources */,
				1895F9D22434A36900464848 /* FlowCollectionView.swift in Sources */,
				A5791B55245E1FD900A0E74F /* MusicPlayerViewController.swift in Sources */,
				A582B815244FAE7C009DD580 /* MusicPlayerView.swift in Sources */,
				180DD9B8242E5CE10096B70D /* ForgotPasswordViewController.swift in Sources */,
				A5791B4F245E023E00A0E74F /* PlaylistCollectionViewCell.swift in Sources */,
				18CD0F3B2440B32D0092F48D /* SubscriptionView.swift in Sources */,
				1895F9D02434A32900464848 /* TestFlowCollectionViewController.swift in Sources */,
				180DD9B4242E5CE10096B70D /* SettingsView.swift in Sources */,
				A5791B33245DA92200A0E74F /* GlobalSearchView.swift in Sources */,
				A5791B4A245DFD4B00A0E74F /* PlaylistView.swift in Sources */,
				A582B80E244FA8E4009DD580 /* UIViewController+LNPopupSupportPrivate.m in Sources */,
				A582B81E244FAFBC009DD580 /* MusicPlayerProgressView.swift in Sources */,
				180DD9C0242E5CE10096B70D /* MusicView.swift in Sources */,
				180DD9B9242E5CE10096B70D /* WelcomeView.swift in Sources */,
				A582B803244FA8E4009DD580 /* LNPopupCustomBarViewController.m in Sources */,
				A5791B37245DB16200A0E74F /* GlobalSearchViewController.swift in Sources */,
				A582B805244FA8E4009DD580 /* MarqueeLabel.m in Sources */,
				A574A594244293F60067C9BE /* MusicDownloadManager.swift in Sources */,
				180DD9BF242E5CE10096B70D /* MusicViewController.swift in Sources */,
				A582B818244FAEBF009DD580 /* MusicPlayerBlurryBackgroundImageView.swift in Sources */,
				A5791B51245E024A00A0E74F /* PlaylistHeaderCollectionViewCell.swift in Sources */,
				A5E7478D246D6F360042E484 /* User.swift in Sources */,
				A5791B43245DF47000A0E74F /* YoutubeService.swift in Sources */,
				A5532110246795BF000D7452 /* BaseModel.swift in Sources */,
				180BAB2A243F615100AC1A5B /* MusicCollectionViewCell.swift in Sources */,
				A582B804244FA8E4009DD580 /* LNPopupInteractionPanGestureRecognizer.m in Sources */,
				A574A5962442943E0067C9BE /* Download.swift in Sources */,
				180DD9C1242E5CE10096B70D /* ProfileView.swift in Sources */,
				A582B80D244FA8E4009DD580 /* _LNWeakRef.m in Sources */,
				180DD9AE242E5CE10096B70D /* ViewController.swift in Sources */,
				180DD9BB242E5CE10096B70D /* LoginViewController.swift in Sources */,
				18CD0F392440B2F90092F48D /* SubscriptionViewController.swift in Sources */,
				A582B809244FA8E4009DD580 /* LNPopupBar.m in Sources */,
				180DD9B2242E5CE10096B70D /* Color.swift in Sources */,
				A5791B3F245DF46100A0E74F /* UserManager.swift in Sources */,
				180DD9C2242E5CE10096B70D /* HomeView.swift in Sources */,
				A582B81A244FAED8009DD580 /* BlurEffect.swift in Sources */,
				180DD9B1242E5CE10096B70D /* InputTextField.swift in Sources */,
				A582B80B244FA8E4009DD580 /* LNPopupItem.m in Sources */,
				A5791B48245DFD4600A0E74F /* PlaylistViewController.swift in Sources */,
				180DD9AD242E5CE10096B70D /* Label.swift in Sources */,
				A582B802244FA8E4009DD580 /* LNPopupController.m in Sources */,
				A582B813244FAE42009DD580 /* BaseMusicPlayerViewController.swift in Sources */,
			);
			runOnlyForDeploymentPostprocessing = 0;
		};
/* End PBXSourcesBuildPhase section */

/* Begin PBXVariantGroup section */
		180DD982242E5B2B0096B70D /* Main.storyboard */ = {
			isa = PBXVariantGroup;
			children = (
				180DD983242E5B2B0096B70D /* Base */,
			);
			name = Main.storyboard;
			sourceTree = "<group>";
		};
		180DD987242E5B2E0096B70D /* LaunchScreen.storyboard */ = {
			isa = PBXVariantGroup;
			children = (
				180DD988242E5B2E0096B70D /* Base */,
			);
			name = LaunchScreen.storyboard;
			sourceTree = "<group>";
		};
/* End PBXVariantGroup section */

/* Begin XCBuildConfiguration section */
		180DD98B242E5B2E0096B70D /* Debug */ = {
			isa = XCBuildConfiguration;
			buildSettings = {
				ALWAYS_SEARCH_USER_PATHS = NO;
				CLANG_ANALYZER_NONNULL = YES;
				CLANG_ANALYZER_NUMBER_OBJECT_CONVERSION = YES_AGGRESSIVE;
				CLANG_CXX_LANGUAGE_STANDARD = "gnu++14";
				CLANG_CXX_LIBRARY = "libc++";
				CLANG_ENABLE_MODULES = YES;
				CLANG_ENABLE_OBJC_ARC = YES;
				CLANG_ENABLE_OBJC_WEAK = YES;
				CLANG_WARN_BLOCK_CAPTURE_AUTORELEASING = YES;
				CLANG_WARN_BOOL_CONVERSION = YES;
				CLANG_WARN_COMMA = YES;
				CLANG_WARN_CONSTANT_CONVERSION = YES;
				CLANG_WARN_DEPRECATED_OBJC_IMPLEMENTATIONS = YES;
				CLANG_WARN_DIRECT_OBJC_ISA_USAGE = YES_ERROR;
				CLANG_WARN_DOCUMENTATION_COMMENTS = YES;
				CLANG_WARN_EMPTY_BODY = YES;
				CLANG_WARN_ENUM_CONVERSION = YES;
				CLANG_WARN_INFINITE_RECURSION = YES;
				CLANG_WARN_INT_CONVERSION = YES;
				CLANG_WARN_NON_LITERAL_NULL_CONVERSION = YES;
				CLANG_WARN_OBJC_IMPLICIT_RETAIN_SELF = YES;
				CLANG_WARN_OBJC_LITERAL_CONVERSION = YES;
				CLANG_WARN_OBJC_ROOT_CLASS = YES_ERROR;
				CLANG_WARN_RANGE_LOOP_ANALYSIS = YES;
				CLANG_WARN_STRICT_PROTOTYPES = YES;
				CLANG_WARN_SUSPICIOUS_MOVE = YES;
				CLANG_WARN_UNGUARDED_AVAILABILITY = YES_AGGRESSIVE;
				CLANG_WARN_UNREACHABLE_CODE = YES;
				CLANG_WARN__DUPLICATE_METHOD_MATCH = YES;
				COPY_PHASE_STRIP = NO;
				DEBUG_INFORMATION_FORMAT = dwarf;
				ENABLE_STRICT_OBJC_MSGSEND = YES;
				ENABLE_TESTABILITY = YES;
				GCC_C_LANGUAGE_STANDARD = gnu11;
				GCC_DYNAMIC_NO_PIC = NO;
				GCC_NO_COMMON_BLOCKS = YES;
				GCC_OPTIMIZATION_LEVEL = 0;
				GCC_PREPROCESSOR_DEFINITIONS = (
					"DEBUG=1",
					"$(inherited)",
				);
				GCC_WARN_64_TO_32_BIT_CONVERSION = YES;
				GCC_WARN_ABOUT_RETURN_TYPE = YES_ERROR;
				GCC_WARN_UNDECLARED_SELECTOR = YES;
				GCC_WARN_UNINITIALIZED_AUTOS = YES_AGGRESSIVE;
				GCC_WARN_UNUSED_FUNCTION = YES;
				GCC_WARN_UNUSED_VARIABLE = YES;
				IPHONEOS_DEPLOYMENT_TARGET = 13.4;
				MTL_ENABLE_DEBUG_INFO = INCLUDE_SOURCE;
				MTL_FAST_MATH = YES;
				ONLY_ACTIVE_ARCH = YES;
				SDKROOT = iphoneos;
				SWIFT_ACTIVE_COMPILATION_CONDITIONS = DEBUG;
				SWIFT_OPTIMIZATION_LEVEL = "-Onone";
			};
			name = Debug;
		};
		180DD98C242E5B2E0096B70D /* Release */ = {
			isa = XCBuildConfiguration;
			buildSettings = {
				ALWAYS_SEARCH_USER_PATHS = NO;
				CLANG_ANALYZER_NONNULL = YES;
				CLANG_ANALYZER_NUMBER_OBJECT_CONVERSION = YES_AGGRESSIVE;
				CLANG_CXX_LANGUAGE_STANDARD = "gnu++14";
				CLANG_CXX_LIBRARY = "libc++";
				CLANG_ENABLE_MODULES = YES;
				CLANG_ENABLE_OBJC_ARC = YES;
				CLANG_ENABLE_OBJC_WEAK = YES;
				CLANG_WARN_BLOCK_CAPTURE_AUTORELEASING = YES;
				CLANG_WARN_BOOL_CONVERSION = YES;
				CLANG_WARN_COMMA = YES;
				CLANG_WARN_CONSTANT_CONVERSION = YES;
				CLANG_WARN_DEPRECATED_OBJC_IMPLEMENTATIONS = YES;
				CLANG_WARN_DIRECT_OBJC_ISA_USAGE = YES_ERROR;
				CLANG_WARN_DOCUMENTATION_COMMENTS = YES;
				CLANG_WARN_EMPTY_BODY = YES;
				CLANG_WARN_ENUM_CONVERSION = YES;
				CLANG_WARN_INFINITE_RECURSION = YES;
				CLANG_WARN_INT_CONVERSION = YES;
				CLANG_WARN_NON_LITERAL_NULL_CONVERSION = YES;
				CLANG_WARN_OBJC_IMPLICIT_RETAIN_SELF = YES;
				CLANG_WARN_OBJC_LITERAL_CONVERSION = YES;
				CLANG_WARN_OBJC_ROOT_CLASS = YES_ERROR;
				CLANG_WARN_RANGE_LOOP_ANALYSIS = YES;
				CLANG_WARN_STRICT_PROTOTYPES = YES;
				CLANG_WARN_SUSPICIOUS_MOVE = YES;
				CLANG_WARN_UNGUARDED_AVAILABILITY = YES_AGGRESSIVE;
				CLANG_WARN_UNREACHABLE_CODE = YES;
				CLANG_WARN__DUPLICATE_METHOD_MATCH = YES;
				COPY_PHASE_STRIP = NO;
				DEBUG_INFORMATION_FORMAT = "dwarf-with-dsym";
				ENABLE_NS_ASSERTIONS = NO;
				ENABLE_STRICT_OBJC_MSGSEND = YES;
				GCC_C_LANGUAGE_STANDARD = gnu11;
				GCC_NO_COMMON_BLOCKS = YES;
				GCC_WARN_64_TO_32_BIT_CONVERSION = YES;
				GCC_WARN_ABOUT_RETURN_TYPE = YES_ERROR;
				GCC_WARN_UNDECLARED_SELECTOR = YES;
				GCC_WARN_UNINITIALIZED_AUTOS = YES_AGGRESSIVE;
				GCC_WARN_UNUSED_FUNCTION = YES;
				GCC_WARN_UNUSED_VARIABLE = YES;
				IPHONEOS_DEPLOYMENT_TARGET = 13.4;
				MTL_ENABLE_DEBUG_INFO = NO;
				MTL_FAST_MATH = YES;
				SDKROOT = iphoneos;
				SWIFT_COMPILATION_MODE = wholemodule;
				SWIFT_OPTIMIZATION_LEVEL = "-O";
				VALIDATE_PRODUCT = YES;
			};
			name = Release;
		};
		180DD98E242E5B2E0096B70D /* Debug */ = {
			isa = XCBuildConfiguration;
			baseConfigurationReference = 008B43DBFBE10B4EBC928E6B /* Pods-VmpProjectios.debug.xcconfig */;
			buildSettings = {
				ASSETCATALOG_COMPILER_APPICON_NAME = AppIcon;
				CODE_SIGN_STYLE = Automatic;
				DEVELOPMENT_TEAM = MT6RW97B5Y;
				INFOPLIST_FILE = VmpProjectios/Info.plist;
				IPHONEOS_DEPLOYMENT_TARGET = 13.0;
				LD_RUNPATH_SEARCH_PATHS = (
					"$(inherited)",
					"@executable_path/Frameworks",
				);
				PRODUCT_BUNDLE_IDENTIFIER = com.example.VmpProjectios;
				PRODUCT_NAME = "$(TARGET_NAME)";
				SWIFT_OBJC_BRIDGING_HEADER = "VmpProjectios/VmpProjectios-LNPopupController-Bridging-Header.h";
				SWIFT_VERSION = 5.0;
				TARGETED_DEVICE_FAMILY = "1,2";
			};
			name = Debug;
		};
		180DD98F242E5B2E0096B70D /* Release */ = {
			isa = XCBuildConfiguration;
			baseConfigurationReference = C8417F21A4C793956A7F4E8D /* Pods-VmpProjectios.release.xcconfig */;
			buildSettings = {
				ASSETCATALOG_COMPILER_APPICON_NAME = AppIcon;
				CODE_SIGN_STYLE = Automatic;
				DEVELOPMENT_TEAM = MT6RW97B5Y;
				INFOPLIST_FILE = VmpProjectios/Info.plist;
				IPHONEOS_DEPLOYMENT_TARGET = 13.0;
				LD_RUNPATH_SEARCH_PATHS = (
					"$(inherited)",
					"@executable_path/Frameworks",
				);
				PRODUCT_BUNDLE_IDENTIFIER = com.example.VmpProjectios;
				PRODUCT_NAME = "$(TARGET_NAME)";
				SWIFT_OBJC_BRIDGING_HEADER = "VmpProjectios/VmpProjectios-LNPopupController-Bridging-Header.h";
				SWIFT_VERSION = 5.0;
				TARGETED_DEVICE_FAMILY = "1,2";
			};
			name = Release;
		};
/* End XCBuildConfiguration section */

/* Begin XCConfigurationList section */
		180DD974242E5B2B0096B70D /* Build configuration list for PBXProject "VmpProjectios" */ = {
			isa = XCConfigurationList;
			buildConfigurations = (
				180DD98B242E5B2E0096B70D /* Debug */,
				180DD98C242E5B2E0096B70D /* Release */,
			);
			defaultConfigurationIsVisible = 0;
			defaultConfigurationName = Release;
		};
		180DD98D242E5B2E0096B70D /* Build configuration list for PBXNativeTarget "VmpProjectios" */ = {
			isa = XCConfigurationList;
			buildConfigurations = (
				180DD98E242E5B2E0096B70D /* Debug */,
				180DD98F242E5B2E0096B70D /* Release */,
			);
			defaultConfigurationIsVisible = 0;
			defaultConfigurationName = Release;
		};
/* End XCConfigurationList section */
	};
	rootObject = 180DD971242E5B2B0096B70D /* Project object */;
}
