// !$*UTF8*$!
{
	archiveVersion = 1;
	classes = {
	};
	objectVersion = 50;
	objects = {

/* Begin PBXBuildFile section */
		180DD97D242E5B2B0096B70D /* AppDelegate.swift in Sources */ = {isa = PBXBuildFile; fileRef = 180DD97C242E5B2B0096B70D /* AppDelegate.swift */; };
		180DD97F242E5B2B0096B70D /* SceneDelegate.swift in Sources */ = {isa = PBXBuildFile; fileRef = 180DD97E242E5B2B0096B70D /* SceneDelegate.swift */; };
		180DD981242E5B2B0096B70D /* ViewController.swift in Sources */ = {isa = PBXBuildFile; fileRef = 180DD980242E5B2B0096B70D /* ViewController.swift */; };
		180DD984242E5B2B0096B70D /* Main.storyboard in Resources */ = {isa = PBXBuildFile; fileRef = 180DD982242E5B2B0096B70D /* Main.storyboard */; };
		180DD986242E5B2E0096B70D /* Assets.xcassets in Resources */ = {isa = PBXBuildFile; fileRef = 180DD985242E5B2E0096B70D /* Assets.xcassets */; };
		180DD989242E5B2E0096B70D /* LaunchScreen.storyboard in Resources */ = {isa = PBXBuildFile; fileRef = 180DD987242E5B2E0096B70D /* LaunchScreen.storyboard */; };
/* End PBXBuildFile section */

/* Begin PBXFileReference section */
		180DD979242E5B2B0096B70D /* VmpProjectios.app */ = {isa = PBXFileReference; explicitFileType = wrapper.application; includeInIndex = 0; path = VmpProjectios.app; sourceTree = BUILT_PRODUCTS_DIR; };
		180DD97C242E5B2B0096B70D /* AppDelegate.swift */ = {isa = PBXFileReference; lastKnownFileType = sourcecode.swift; path = AppDelegate.swift; sourceTree = "<group>"; };
		180DD97E242E5B2B0096B70D /* SceneDelegate.swift */ = {isa = PBXFileReference; lastKnownFileType = sourcecode.swift; path = SceneDelegate.swift; sourceTree = "<group>"; };
		180DD980242E5B2B0096B70D /* ViewController.swift */ = {isa = PBXFileReference; lastKnownFileType = sourcecode.swift; path = ViewController.swift; sourceTree = "<group>"; };
		180DD983242E5B2B0096B70D /* Base */ = {isa = PBXFileReference; lastKnownFileType = file.storyboard; name = Base; path = Base.lproj/Main.storyboard; sourceTree = "<group>"; };
		180DD985242E5B2E0096B70D /* Assets.xcassets */ = {isa = PBXFileReference; lastKnownFileType = folder.assetcatalog; path = Assets.xcassets; sourceTree = "<group>"; };
		180DD988242E5B2E0096B70D /* Base */ = {isa = PBXFileReference; lastKnownFileType = file.storyboard; name = Base; path = Base.lproj/LaunchScreen.storyboard; sourceTree = "<group>"; };
		180DD98A242E5B2E0096B70D /* Info.plist */ = {isa = PBXFileReference; lastKnownFileType = text.plist.xml; path = Info.plist; sourceTree = "<group>"; };
/* End PBXFileReference section */

/* Begin PBXFrameworksBuildPhase section */
		180DD976242E5B2B0096B70D /* Frameworks */ = {
			isa = PBXFrameworksBuildPhase;
			buildActionMask = 2147483647;
			files = (
			);
			runOnlyForDeploymentPostprocessing = 0;
		};
/* End PBXFrameworksBuildPhase section */

/* Begin PBXGroup section */
		180DD970242E5B2B0096B70D = {
			isa = PBXGroup;
			children = (
				180DD97B242E5B2B0096B70D /* VmpProjectios */,
				180DD97A242E5B2B0096B70D /* Products */,
			);
			sourceTree = "<group>";
		};
		180DD97A242E5B2B0096B70D /* Products */ = {
			isa = PBXGroup;
			children = (
				180DD979242E5B2B0096B70D /* VmpProjectios.app */,
			);
			name = Products;
			sourceTree = "<group>";
		};
		180DD97B242E5B2B0096B70D /* VmpProjectios */ = {
			isa = PBXGroup;
			children = (
				180DD97C242E5B2B0096B70D /* AppDelegate.swift */,
				180DD97E242E5B2B0096B70D /* SceneDelegate.swift */,
				180DD980242E5B2B0096B70D /* ViewController.swift */,
				180DD982242E5B2B0096B70D /* Main.storyboard */,
				180DD985242E5B2E0096B70D /* Assets.xcassets */,
				180DD987242E5B2E0096B70D /* LaunchScreen.storyboard */,
				180DD98A242E5B2E0096B70D /* Info.plist */,
			);
			path = VmpProjectios;
			sourceTree = "<group>";
		};
/* End PBXGroup section */

/* Begin PBXNativeTarget section */
		180DD978242E5B2B0096B70D /* VmpProjectios */ = {
			isa = PBXNativeTarget;
			buildConfigurationList = 180DD98D242E5B2E0096B70D /* Build configuration list for PBXNativeTarget "VmpProjectios" */;
			buildPhases = (
				180DD975242E5B2B0096B70D /* Sources */,
				180DD976242E5B2B0096B70D /* Frameworks */,
				180DD977242E5B2B0096B70D /* Resources */,
			);
			buildRules = (
			);
			dependencies = (
			);
			name = VmpProjectios;
			productName = VmpProjectios;
			productReference = 180DD979242E5B2B0096B70D /* VmpProjectios.app */;
			productType = "com.apple.product-type.application";
		};
/* End PBXNativeTarget section */

/* Begin PBXProject section */
		180DD971242E5B2B0096B70D /* Project object */ = {
			isa = PBXProject;
			attributes = {
				LastSwiftUpdateCheck = 1140;
				LastUpgradeCheck = 1140;
				ORGANIZATIONNAME = "Metin Yıldız";
				TargetAttributes = {
					180DD978242E5B2B0096B70D = {
						CreatedOnToolsVersion = 11.4;
					};
				};
			};
			buildConfigurationList = 180DD974242E5B2B0096B70D /* Build configuration list for PBXProject "VmpProjectios" */;
			compatibilityVersion = "Xcode 9.3";
			developmentRegion = en;
			hasScannedForEncodings = 0;
			knownRegions = (
				en,
				Base,
			);
			mainGroup = 180DD970242E5B2B0096B70D;
			productRefGroup = 180DD97A242E5B2B0096B70D /* Products */;
			projectDirPath = "";
			projectRoot = "";
			targets = (
				180DD978242E5B2B0096B70D /* VmpProjectios */,
			);
		};
/* End PBXProject section */

/* Begin PBXResourcesBuildPhase section */
		180DD977242E5B2B0096B70D /* Resources */ = {
			isa = PBXResourcesBuildPhase;
			buildActionMask = 2147483647;
			files = (
				180DD989242E5B2E0096B70D /* LaunchScreen.storyboard in Resources */,
				180DD986242E5B2E0096B70D /* Assets.xcassets in Resources */,
				180DD984242E5B2B0096B70D /* Main.storyboard in Resources */,
			);
			runOnlyForDeploymentPostprocessing = 0;
		};
/* End PBXResourcesBuildPhase section */

/* Begin PBXSourcesBuildPhase section */
		180DD975242E5B2B0096B70D /* Sources */ = {
			isa = PBXSourcesBuildPhase;
			buildActionMask = 2147483647;
			files = (
				180DD981242E5B2B0096B70D /* ViewController.swift in Sources */,
				180DD97D242E5B2B0096B70D /* AppDelegate.swift in Sources */,
				180DD97F242E5B2B0096B70D /* SceneDelegate.swift in Sources */,
			);
			runOnlyForDeploymentPostprocessing = 0;
		};
/* End PBXSourcesBuildPhase section */

/* Begin PBXVariantGroup section */
		180DD982242E5B2B0096B70D /* Main.storyboard */ = {
			isa = PBXVariantGroup;
			children = (
				180DD983242E5B2B0096B70D /* Base */,
			);
			name = Main.storyboard;
			sourceTree = "<group>";
		};
		180DD987242E5B2E0096B70D /* LaunchScreen.storyboard */ = {
			isa = PBXVariantGroup;
			children = (
				180DD988242E5B2E0096B70D /* Base */,
			);
			name = LaunchScreen.storyboard;
			sourceTree = "<group>";
		};
/* End PBXVariantGroup section */

/* Begin XCBuildConfiguration section */
		180DD98B242E5B2E0096B70D /* Debug */ = {
			isa = XCBuildConfiguration;
			buildSettings = {
				ALWAYS_SEARCH_USER_PATHS = NO;
				CLANG_ANALYZER_NONNULL = YES;
				CLANG_ANALYZER_NUMBER_OBJECT_CONVERSION = YES_AGGRESSIVE;
				CLANG_CXX_LANGUAGE_STANDARD = "gnu++14";
				CLANG_CXX_LIBRARY = "libc++";
				CLANG_ENABLE_MODULES = YES;
				CLANG_ENABLE_OBJC_ARC = YES;
				CLANG_ENABLE_OBJC_WEAK = YES;
				CLANG_WARN_BLOCK_CAPTURE_AUTORELEASING = YES;
				CLANG_WARN_BOOL_CONVERSION = YES;
				CLANG_WARN_COMMA = YES;
				CLANG_WARN_CONSTANT_CONVERSION = YES;
				CLANG_WARN_DEPRECATED_OBJC_IMPLEMENTATIONS = YES;
				CLANG_WARN_DIRECT_OBJC_ISA_USAGE = YES_ERROR;
				CLANG_WARN_DOCUMENTATION_COMMENTS = YES;
				CLANG_WARN_EMPTY_BODY = YES;
				CLANG_WARN_ENUM_CONVERSION = YES;
				CLANG_WARN_INFINITE_RECURSION = YES;
				CLANG_WARN_INT_CONVERSION = YES;
				CLANG_WARN_NON_LITERAL_NULL_CONVERSION = YES;
				CLANG_WARN_OBJC_IMPLICIT_RETAIN_SELF = YES;
				CLANG_WARN_OBJC_LITERAL_CONVERSION = YES;
				CLANG_WARN_OBJC_ROOT_CLASS = YES_ERROR;
				CLANG_WARN_RANGE_LOOP_ANALYSIS = YES;
				CLANG_WARN_STRICT_PROTOTYPES = YES;
				CLANG_WARN_SUSPICIOUS_MOVE = YES;
				CLANG_WARN_UNGUARDED_AVAILABILITY = YES_AGGRESSIVE;
				CLANG_WARN_UNREACHABLE_CODE = YES;
				CLANG_WARN__DUPLICATE_METHOD_MATCH = YES;
				COPY_PHASE_STRIP = NO;
				DEBUG_INFORMATION_FORMAT = dwarf;
				ENABLE_STRICT_OBJC_MSGSEND = YES;
				ENABLE_TESTABILITY = YES;
				GCC_C_LANGUAGE_STANDARD = gnu11;
				GCC_DYNAMIC_NO_PIC = NO;
				GCC_NO_COMMON_BLOCKS = YES;
				GCC_OPTIMIZATION_LEVEL = 0;
				GCC_PREPROCESSOR_DEFINITIONS = (
					"DEBUG=1",
					"$(inherited)",
				);
				GCC_WARN_64_TO_32_BIT_CONVERSION = YES;
				GCC_WARN_ABOUT_RETURN_TYPE = YES_ERROR;
				GCC_WARN_UNDECLARED_SELECTOR = YES;
				GCC_WARN_UNINITIALIZED_AUTOS = YES_AGGRESSIVE;
				GCC_WARN_UNUSED_FUNCTION = YES;
				GCC_WARN_UNUSED_VARIABLE = YES;
				IPHONEOS_DEPLOYMENT_TARGET = 13.4;
				MTL_ENABLE_DEBUG_INFO = INCLUDE_SOURCE;
				MTL_FAST_MATH = YES;
				ONLY_ACTIVE_ARCH = YES;
				SDKROOT = iphoneos;
				SWIFT_ACTIVE_COMPILATION_CONDITIONS = DEBUG;
				SWIFT_OPTIMIZATION_LEVEL = "-Onone";
			};
			name = Debug;
		};
		180DD98C242E5B2E0096B70D /* Release */ = {
			isa = XCBuildConfiguration;
			buildSettings = {
				ALWAYS_SEARCH_USER_PATHS = NO;
				CLANG_ANALYZER_NONNULL = YES;
				CLANG_ANALYZER_NUMBER_OBJECT_CONVERSION = YES_AGGRESSIVE;
				CLANG_CXX_LANGUAGE_STANDARD = "gnu++14";
				CLANG_CXX_LIBRARY = "libc++";
				CLANG_ENABLE_MODULES = YES;
				CLANG_ENABLE_OBJC_ARC = YES;
				CLANG_ENABLE_OBJC_WEAK = YES;
				CLANG_WARN_BLOCK_CAPTURE_AUTORELEASING = YES;
				CLANG_WARN_BOOL_CONVERSION = YES;
				CLANG_WARN_COMMA = YES;
				CLANG_WARN_CONSTANT_CONVERSION = YES;
				CLANG_WARN_DEPRECATED_OBJC_IMPLEMENTATIONS = YES;
				CLANG_WARN_DIRECT_OBJC_ISA_USAGE = YES_ERROR;
				CLANG_WARN_DOCUMENTATION_COMMENTS = YES;
				CLANG_WARN_EMPTY_BODY = YES;
				CLANG_WARN_ENUM_CONVERSION = YES;
				CLANG_WARN_INFINITE_RECURSION = YES;
				CLANG_WARN_INT_CONVERSION = YES;
				CLANG_WARN_NON_LITERAL_NULL_CONVERSION = YES;
				CLANG_WARN_OBJC_IMPLICIT_RETAIN_SELF = YES;
				CLANG_WARN_OBJC_LITERAL_CONVERSION = YES;
				CLANG_WARN_OBJC_ROOT_CLASS = YES_ERROR;
				CLANG_WARN_RANGE_LOOP_ANALYSIS = YES;
				CLANG_WARN_STRICT_PROTOTYPES = YES;
				CLANG_WARN_SUSPICIOUS_MOVE = YES;
				CLANG_WARN_UNGUARDED_AVAILABILITY = YES_AGGRESSIVE;
				CLANG_WARN_UNREACHABLE_CODE = YES;
				CLANG_WARN__DUPLICATE_METHOD_MATCH = YES;
				COPY_PHASE_STRIP = NO;
				DEBUG_INFORMATION_FORMAT = "dwarf-with-dsym";
				ENABLE_NS_ASSERTIONS = NO;
				ENABLE_STRICT_OBJC_MSGSEND = YES;
				GCC_C_LANGUAGE_STANDARD = gnu11;
				GCC_NO_COMMON_BLOCKS = YES;
				GCC_WARN_64_TO_32_BIT_CONVERSION = YES;
				GCC_WARN_ABOUT_RETURN_TYPE = YES_ERROR;
				GCC_WARN_UNDECLARED_SELECTOR = YES;
				GCC_WARN_UNINITIALIZED_AUTOS = YES_AGGRESSIVE;
				GCC_WARN_UNUSED_FUNCTION = YES;
				GCC_WARN_UNUSED_VARIABLE = YES;
				IPHONEOS_DEPLOYMENT_TARGET = 13.4;
				MTL_ENABLE_DEBUG_INFO = NO;
				MTL_FAST_MATH = YES;
				SDKROOT = iphoneos;
				SWIFT_COMPILATION_MODE = wholemodule;
				SWIFT_OPTIMIZATION_LEVEL = "-O";
				VALIDATE_PRODUCT = YES;
			};
			name = Release;
		};
		180DD98E242E5B2E0096B70D /* Debug */ = {
			isa = XCBuildConfiguration;
			buildSettings = {
				ASSETCATALOG_COMPILER_APPICON_NAME = AppIcon;
				CODE_SIGN_STYLE = Automatic;
				DEVELOPMENT_TEAM = 9FSR54Q89Y;
				INFOPLIST_FILE = VmpProjectios/Info.plist;
				LD_RUNPATH_SEARCH_PATHS = (
					"$(inherited)",
					"@executable_path/Frameworks",
				);
				PRODUCT_BUNDLE_IDENTIFIER = com.example.VmpProjectios;
				PRODUCT_NAME = "$(TARGET_NAME)";
				SWIFT_VERSION = 5.0;
				TARGETED_DEVICE_FAMILY = "1,2";
			};
			name = Debug;
		};
		180DD98F242E5B2E0096B70D /* Release */ = {
			isa = XCBuildConfiguration;
			buildSettings = {
				ASSETCATALOG_COMPILER_APPICON_NAME = AppIcon;
				CODE_SIGN_STYLE = Automatic;
				DEVELOPMENT_TEAM = 9FSR54Q89Y;
				INFOPLIST_FILE = VmpProjectios/Info.plist;
				LD_RUNPATH_SEARCH_PATHS = (
					"$(inherited)",
					"@executable_path/Frameworks",
				);
				PRODUCT_BUNDLE_IDENTIFIER = com.example.VmpProjectios;
				PRODUCT_NAME = "$(TARGET_NAME)";
				SWIFT_VERSION = 5.0;
				TARGETED_DEVICE_FAMILY = "1,2";
			};
			name = Release;
		};
/* End XCBuildConfiguration section */

/* Begin XCConfigurationList section */
		180DD974242E5B2B0096B70D /* Build configuration list for PBXProject "VmpProjectios" */ = {
			isa = XCConfigurationList;
			buildConfigurations = (
				180DD98B242E5B2E0096B70D /* Debug */,
				180DD98C242E5B2E0096B70D /* Release */,
			);
			defaultConfigurationIsVisible = 0;
			defaultConfigurationName = Release;
		};
		180DD98D242E5B2E0096B70D /* Build configuration list for PBXNativeTarget "VmpProjectios" */ = {
			isa = XCConfigurationList;
			buildConfigurations = (
				180DD98E242E5B2E0096B70D /* Debug */,
				180DD98F242E5B2E0096B70D /* Release */,
			);
			defaultConfigurationIsVisible = 0;
			defaultConfigurationName = Release;
		};
/* End XCConfigurationList section */
	};
	rootObject = 180DD971242E5B2B0096B70D /* Project object */;
}
